
Microsoft Visual Studio Solution File, Format Version 12.00
# TcXaeShell Solution File, Format Version 11.00
VisualStudioVersion = 17.10.35827.194
MinimumVisualStudioVersion = 10.0.40219.1
Project("{B1E792BE-AA5F-4E3C-8C82-674BF9C0715B}") = "RobotInterface", "RobotInterface\RobotInterface.tsproj", "{C2A5BCD8-9187-4B62-B358-2BB7D90503F4}"
EndProject
Project("{FE7A1B72-C5B7-4D7C-BB7D-76384D4DE8E1}") = "RobotHMI", "RobotHMI\RobotHMI.hmiproj", "{5810082B-FE0A-44C8-84C8-3D0C48264E43}"
EndProject
Global
	GlobalSection(SolutionConfigurationPlatforms) = preSolution
		Debug|TwinCAT HMI = Debug|TwinCAT HMI
		Debug|TwinCAT OS (ARMV7-A) = Debug|TwinCAT OS (ARMV7-A)
		Debug|TwinCAT OS (ARMV7-M) = Debug|TwinCAT OS (ARMV7-M)
		Debug|TwinCAT OS (ARMV8-A) = Debug|TwinCAT OS (ARMV8-A)
		Debug|TwinCAT OS (x64) = Debug|TwinCAT OS (x64)
		Debug|TwinCAT OS (x64-E) = Debug|TwinCAT OS (x64-E)
		Debug|TwinCAT RT (x64) = Debug|TwinCAT RT (x64)
		Debug|TwinCAT RT (x86) = Debug|TwinCAT RT (x86)
		Release|TwinCAT HMI = Release|TwinCAT HMI
		Release|TwinCAT OS (ARMV7-A) = Release|TwinCAT OS (ARMV7-A)
		Release|TwinCAT OS (ARMV7-M) = Release|TwinCAT OS (ARMV7-M)
		Release|TwinCAT OS (ARMV8-A) = Release|TwinCAT OS (ARMV8-A)
		Release|TwinCAT OS (x64) = Release|TwinCAT OS (x64)
		Release|TwinCAT OS (x64-E) = Release|TwinCAT OS (x64-E)
		Release|TwinCAT RT (x64) = Release|TwinCAT RT (x64)
		Release|TwinCAT RT (x86) = Release|TwinCAT RT (x86)
	EndGlobalSection
	GlobalSection(ProjectConfigurationPlatforms) = postSolution
		{C2A5BCD8-9187-4B62-B358-2BB7D90503F4}.Debug|TwinCAT HMI.ActiveCfg = Debug|TwinCAT RT (x86)
		{C2A5BCD8-9187-4B62-B358-2BB7D90503F4}.Debug|TwinCAT HMI.Build.0 = Debug|TwinCAT RT (x86)
		{C2A5BCD8-9187-4B62-B358-2BB7D90503F4}.Debug|TwinCAT OS (ARMV7-A).ActiveCfg = Debug|TwinCAT OS (ARMV7-A)
		{C2A5BCD8-9187-4B62-B358-2BB7D90503F4}.Debug|TwinCAT OS (ARMV7-A).Build.0 = Debug|TwinCAT OS (ARMV7-A)
		{C2A5BCD8-9187-4B62-B358-2BB7D90503F4}.Debug|TwinCAT OS (ARMV7-M).ActiveCfg = Debug|TwinCAT OS (ARMV7-M)
		{C2A5BCD8-9187-4B62-B358-2BB7D90503F4}.Debug|TwinCAT OS (ARMV7-M).Build.0 = Debug|TwinCAT OS (ARMV7-M)
		{C2A5BCD8-9187-4B62-B358-2BB7D90503F4}.Debug|TwinCAT OS (ARMV8-A).ActiveCfg = Debug|TwinCAT OS (ARMV8-A)
		{C2A5BCD8-9187-4B62-B358-2BB7D90503F4}.Debug|TwinCAT OS (ARMV8-A).Build.0 = Debug|TwinCAT OS (ARMV8-A)
		{C2A5BCD8-9187-4B62-B358-2BB7D90503F4}.Debug|TwinCAT OS (x64).ActiveCfg = Debug|TwinCAT OS (x64)
		{C2A5BCD8-9187-4B62-B358-2BB7D90503F4}.Debug|TwinCAT OS (x64).Build.0 = Debug|TwinCAT OS (x64)
		{C2A5BCD8-9187-4B62-B358-2BB7D90503F4}.Debug|TwinCAT OS (x64-E).ActiveCfg = Debug|TwinCAT OS (x64-E)
		{C2A5BCD8-9187-4B62-B358-2BB7D90503F4}.Debug|TwinCAT OS (x64-E).Build.0 = Debug|TwinCAT OS (x64-E)
		{C2A5BCD8-9187-4B62-B358-2BB7D90503F4}.Debug|TwinCAT RT (x64).ActiveCfg = Debug|TwinCAT RT (x64)
		{C2A5BCD8-9187-4B62-B358-2BB7D90503F4}.Debug|TwinCAT RT (x64).Build.0 = Debug|TwinCAT RT (x64)
		{C2A5BCD8-9187-4B62-B358-2BB7D90503F4}.Debug|TwinCAT RT (x86).ActiveCfg = Debug|TwinCAT RT (x86)
		{C2A5BCD8-9187-4B62-B358-2BB7D90503F4}.Debug|TwinCAT RT (x86).Build.0 = Debug|TwinCAT RT (x86)
		{C2A5BCD8-9187-4B62-B358-2BB7D90503F4}.Release|TwinCAT HMI.ActiveCfg = Release|TwinCAT RT (x86)
		{C2A5BCD8-9187-4B62-B358-2BB7D90503F4}.Release|TwinCAT HMI.Build.0 = Release|TwinCAT RT (x86)
		{C2A5BCD8-9187-4B62-B358-2BB7D90503F4}.Release|TwinCAT OS (ARMV7-A).ActiveCfg = Release|TwinCAT OS (ARMV7-A)
		{C2A5BCD8-9187-4B62-B358-2BB7D90503F4}.Release|TwinCAT OS (ARMV7-A).Build.0 = Release|TwinCAT OS (ARMV7-A)
		{C2A5BCD8-9187-4B62-B358-2BB7D90503F4}.Release|TwinCAT OS (ARMV7-M).ActiveCfg = Release|TwinCAT OS (ARMV7-M)
		{C2A5BCD8-9187-4B62-B358-2BB7D90503F4}.Release|TwinCAT OS (ARMV7-M).Build.0 = Release|TwinCAT OS (ARMV7-M)
		{C2A5BCD8-9187-4B62-B358-2BB7D90503F4}.Release|TwinCAT OS (ARMV8-A).ActiveCfg = Release|TwinCAT OS (ARMV8-A)
		{C2A5BCD8-9187-4B62-B358-2BB7D90503F4}.Release|TwinCAT OS (ARMV8-A).Build.0 = Release|TwinCAT OS (ARMV8-A)
		{C2A5BCD8-9187-4B62-B358-2BB7D90503F4}.Release|TwinCAT OS (x64).ActiveCfg = Release|TwinCAT OS (x64)
		{C2A5BCD8-9187-4B62-B358-2BB7D90503F4}.Release|TwinCAT OS (x64).Build.0 = Release|TwinCAT OS (x64)
		{C2A5BCD8-9187-4B62-B358-2BB7D90503F4}.Release|TwinCAT OS (x64-E).ActiveCfg = Release|TwinCAT OS (x64-E)
		{C2A5BCD8-9187-4B62-B358-2BB7D90503F4}.Release|TwinCAT OS (x64-E).Build.0 = Release|TwinCAT OS (x64-E)
		{C2A5BCD8-9187-4B62-B358-2BB7D90503F4}.Release|TwinCAT RT (x64).ActiveCfg = Release|TwinCAT RT (x64)
		{C2A5BCD8-9187-4B62-B358-2BB7D90503F4}.Release|TwinCAT RT (x64).Build.0 = Release|TwinCAT RT (x64)
		{C2A5BCD8-9187-4B62-B358-2BB7D90503F4}.Release|TwinCAT RT (x86).ActiveCfg = Release|TwinCAT RT (x86)
		{C2A5BCD8-9187-4B62-B358-2BB7D90503F4}.Release|TwinCAT RT (x86).Build.0 = Release|TwinCAT RT (x86)
		{5810082B-FE0A-44C8-84C8-3D0C48264E43}.Debug|TwinCAT HMI.ActiveCfg = Debug|TwinCAT HMI
		{5810082B-FE0A-44C8-84C8-3D0C48264E43}.Debug|TwinCAT HMI.Build.0 = Debug|TwinCAT HMI
		{5810082B-FE0A-44C8-84C8-3D0C48264E43}.Debug|TwinCAT OS (ARMV7-A).ActiveCfg = Debug|TwinCAT HMI
		{5810082B-FE0A-44C8-84C8-3D0C48264E43}.Debug|TwinCAT OS (ARMV7-A).Build.0 = Debug|TwinCAT HMI
		{5810082B-FE0A-44C8-84C8-3D0C48264E43}.Debug|TwinCAT OS (ARMV7-M).ActiveCfg = Debug|TwinCAT HMI
		{5810082B-FE0A-44C8-84C8-3D0C48264E43}.Debug|TwinCAT OS (ARMV7-M).Build.0 = Debug|TwinCAT HMI
		{5810082B-FE0A-44C8-84C8-3D0C48264E43}.Debug|TwinCAT OS (ARMV8-A).ActiveCfg = Debug|TwinCAT HMI
		{5810082B-FE0A-44C8-84C8-3D0C48264E43}.Debug|TwinCAT OS (ARMV8-A).Build.0 = Debug|TwinCAT HMI
		{5810082B-FE0A-44C8-84C8-3D0C48264E43}.Debug|TwinCAT OS (x64).ActiveCfg = Debug|TwinCAT HMI
		{5810082B-FE0A-44C8-84C8-3D0C48264E43}.Debug|TwinCAT OS (x64).Build.0 = Debug|TwinCAT HMI
		{5810082B-FE0A-44C8-84C8-3D0C48264E43}.Debug|TwinCAT OS (x64-E).ActiveCfg = Debug|TwinCAT HMI
		{5810082B-FE0A-44C8-84C8-3D0C48264E43}.Debug|TwinCAT OS (x64-E).Build.0 = Debug|TwinCAT HMI
		{5810082B-FE0A-44C8-84C8-3D0C48264E43}.Debug|TwinCAT RT (x64).ActiveCfg = Debug|TwinCAT HMI
		{5810082B-FE0A-44C8-84C8-3D0C48264E43}.Debug|TwinCAT RT (x64).Build.0 = Debug|TwinCAT HMI
		{5810082B-FE0A-44C8-84C8-3D0C48264E43}.Debug|TwinCAT RT (x86).ActiveCfg = Debug|TwinCAT HMI
		{5810082B-FE0A-44C8-84C8-3D0C48264E43}.Debug|TwinCAT RT (x86).Build.0 = Debug|TwinCAT HMI
		{5810082B-FE0A-44C8-84C8-3D0C48264E43}.Release|TwinCAT HMI.ActiveCfg = Release|TwinCAT HMI
		{5810082B-FE0A-44C8-84C8-3D0C48264E43}.Release|TwinCAT HMI.Build.0 = Release|TwinCAT HMI
		{5810082B-FE0A-44C8-84C8-3D0C48264E43}.Release|TwinCAT OS (ARMV7-A).ActiveCfg = Release|TwinCAT HMI
		{5810082B-FE0A-44C8-84C8-3D0C48264E43}.Release|TwinCAT OS (ARMV7-A).Build.0 = Release|TwinCAT HMI
		{5810082B-FE0A-44C8-84C8-3D0C48264E43}.Release|TwinCAT OS (ARMV7-M).ActiveCfg = Release|TwinCAT HMI
		{5810082B-FE0A-44C8-84C8-3D0C48264E43}.Release|TwinCAT OS (ARMV7-M).Build.0 = Release|TwinCAT HMI
		{5810082B-FE0A-44C8-84C8-3D0C48264E43}.Release|TwinCAT OS (ARMV8-A).ActiveCfg = Release|TwinCAT HMI
		{5810082B-FE0A-44C8-84C8-3D0C48264E43}.Release|TwinCAT OS (ARMV8-A).Build.0 = Release|TwinCAT HMI
		{5810082B-FE0A-44C8-84C8-3D0C48264E43}.Release|TwinCAT OS (x64).ActiveCfg = Release|TwinCAT HMI
		{5810082B-FE0A-44C8-84C8-3D0C48264E43}.Release|TwinCAT OS (x64).Build.0 = Release|TwinCAT HMI
		{5810082B-FE0A-44C8-84C8-3D0C48264E43}.Release|TwinCAT OS (x64-E).ActiveCfg = Release|TwinCAT HMI
		{5810082B-FE0A-44C8-84C8-3D0C48264E43}.Release|TwinCAT OS (x64-E).Build.0 = Release|TwinCAT HMI
		{5810082B-FE0A-44C8-84C8-3D0C48264E43}.Release|TwinCAT RT (x64).ActiveCfg = Release|TwinCAT HMI
		{5810082B-FE0A-44C8-84C8-3D0C48264E43}.Release|TwinCAT RT (x64).Build.0 = Release|TwinCAT HMI
		{5810082B-FE0A-44C8-84C8-3D0C48264E43}.Release|TwinCAT RT (x86).ActiveCfg = Release|TwinCAT HMI
		{5810082B-FE0A-44C8-84C8-3D0C48264E43}.Release|TwinCAT RT (x86).Build.0 = Release|TwinCAT HMI
		{2A46B7D0-5025-44A3-8091-A92824C85949}.Debug|TwinCAT HMI.ActiveCfg = Debug|TwinCAT RT (x86)
		{2A46B7D0-5025-44A3-8091-A92824C85949}.Debug|TwinCAT HMI.Build.0 = Debug|TwinCAT RT (x86)
		{2A46B7D0-5025-44A3-8091-A92824C85949}.Debug|TwinCAT OS (ARMV7-A).ActiveCfg = Debug|TwinCAT OS (ARMV7-A)
		{2A46B7D0-5025-44A3-8091-A92824C85949}.Debug|TwinCAT OS (ARMV7-A).Build.0 = Debug|TwinCAT OS (ARMV7-A)
		{2A46B7D0-5025-44A3-8091-A92824C85949}.Debug|TwinCAT OS (ARMV7-M).ActiveCfg = Debug|TwinCAT OS (ARMV7-M)
		{2A46B7D0-5025-44A3-8091-A92824C85949}.Debug|TwinCAT OS (ARMV7-M).Build.0 = Debug|TwinCAT OS (ARMV7-M)
		{2A46B7D0-5025-44A3-8091-A92824C85949}.Debug|TwinCAT OS (ARMV8-A).ActiveCfg = Debug|TwinCAT OS (ARMV8-A)
		{2A46B7D0-5025-44A3-8091-A92824C85949}.Debug|TwinCAT OS (ARMV8-A).Build.0 = Debug|TwinCAT OS (ARMV8-A)
		{2A46B7D0-5025-44A3-8091-A92824C85949}.Debug|TwinCAT OS (x64).ActiveCfg = Debug|TwinCAT OS (x64)
		{2A46B7D0-5025-44A3-8091-A92824C85949}.Debug|TwinCAT OS (x64).Build.0 = Debug|TwinCAT OS (x64)
		{2A46B7D0-5025-44A3-8091-A92824C85949}.Debug|TwinCAT OS (x64-E).ActiveCfg = Debug|TwinCAT OS (x64-E)
		{2A46B7D0-5025-44A3-8091-A92824C85949}.Debug|TwinCAT OS (x64-E).Build.0 = Debug|TwinCAT OS (x64-E)
		{2A46B7D0-5025-44A3-8091-A92824C85949}.Debug|TwinCAT RT (x64).ActiveCfg = Debug|TwinCAT RT (x64)
		{2A46B7D0-5025-44A3-8091-A92824C85949}.Debug|TwinCAT RT (x64).Build.0 = Debug|TwinCAT RT (x64)
		{2A46B7D0-5025-44A3-8091-A92824C85949}.Debug|TwinCAT RT (x86).ActiveCfg = Debug|TwinCAT RT (x86)
		{2A46B7D0-5025-44A3-8091-A92824C85949}.Debug|TwinCAT RT (x86).Build.0 = Debug|TwinCAT RT (x86)
		{2A46B7D0-5025-44A3-8091-A92824C85949}.Release|TwinCAT HMI.ActiveCfg = Release|TwinCAT RT (x86)
		{2A46B7D0-5025-44A3-8091-A92824C85949}.Release|TwinCAT HMI.Build.0 = Release|TwinCAT RT (x86)
		{2A46B7D0-5025-44A3-8091-A92824C85949}.Release|TwinCAT OS (ARMV7-A).ActiveCfg = Release|TwinCAT OS (ARMV7-A)
		{2A46B7D0-5025-44A3-8091-A92824C85949}.Release|TwinCAT OS (ARMV7-A).Build.0 = Release|TwinCAT OS (ARMV7-A)
		{2A46B7D0-5025-44A3-8091-A92824C85949}.Release|TwinCAT OS (ARMV7-M).ActiveCfg = Release|TwinCAT OS (ARMV7-M)
		{2A46B7D0-5025-44A3-8091-A92824C85949}.Release|TwinCAT OS (ARMV7-M).Build.0 = Release|TwinCAT OS (ARMV7-M)
		{2A46B7D0-5025-44A3-8091-A92824C85949}.Release|TwinCAT OS (ARMV8-A).ActiveCfg = Release|TwinCAT OS (ARMV8-A)
		{2A46B7D0-5025-44A3-8091-A92824C85949}.Release|TwinCAT OS (ARMV8-A).Build.0 = Release|TwinCAT OS (ARMV8-A)
		{2A46B7D0-5025-44A3-8091-A92824C85949}.Release|TwinCAT OS (x64).ActiveCfg = Release|TwinCAT OS (x64)
		{2A46B7D0-5025-44A3-8091-A92824C85949}.Release|TwinCAT OS (x64).Build.0 = Release|TwinCAT OS (x64)
		{2A46B7D0-5025-44A3-8091-A92824C85949}.Release|TwinCAT OS (x64-E).ActiveCfg = Release|TwinCAT OS (x64-E)
		{2A46B7D0-5025-44A3-8091-A92824C85949}.Release|TwinCAT OS (x64-E).Build.0 = Release|TwinCAT OS (x64-E)
		{2A46B7D0-5025-44A3-8091-A92824C85949}.Release|TwinCAT RT (x64).ActiveCfg = Release|TwinCAT RT (x64)
		{2A46B7D0-5025-44A3-8091-A92824C85949}.Release|TwinCAT RT (x64).Build.0 = Release|TwinCAT RT (x64)
		{2A46B7D0-5025-44A3-8091-A92824C85949}.Release|TwinCAT RT (x86).ActiveCfg = Release|TwinCAT RT (x86)
		{2A46B7D0-5025-44A3-8091-A92824C85949}.Release|TwinCAT RT (x86).Build.0 = Release|TwinCAT RT (x86)
	EndGlobalSection
	GlobalSection(SolutionProperties) = preSolution
		HideSolutionNode = FALSE
	EndGlobalSection
	GlobalSection(ExtensibilityGlobals) = postSolution
		SolutionGuid = {5871836F-73EC-4091-A3B2-141824CFFF71}
	EndGlobalSection
EndGlobal
